
Microsoft Visual Studio Solution File, Format Version 12.00
# Visual Studio Version 16
VisualStudioVersion = 16.0.29509.3
MinimumVisualStudioVersion = 10.0.40219.1
Project("{FAE04EC0-301F-11D3-BF4B-00C04F79EFBC}") = "WindowsFormsCSharpApp", "WindowsFormsCSharpApp\WindowsFormsCSharpApp.csproj", "{CE6E408A-766A-43B8-990D-E8CD0851CF25}"
EndProject
Global
	GlobalSection(SolutionConfigurationPlatforms) = preSolution
		Debug|Any CPU = Debug|Any CPU
		Release|Any CPU = Release|Any CPU
	EndGlobalSection
	GlobalSection(ProjectConfigurationPlatforms) = postSolution
		{CE6E408A-766A-43B8-990D-E8CD0851CF25}.Debug|Any CPU.ActiveCfg = Debug|Any CPU
		{CE6E408A-766A-43B8-990D-E8CD0851CF25}.Debug|Any CPU.Build.0 = Debug|Any CPU
		{CE6E408A-766A-43B8-990D-E8CD0851CF25}.Release|Any CPU.ActiveCfg = Release|Any CPU
		{CE6E408A-766A-43B8-990D-E8CD0851CF25}.Release|Any CPU.Build.0 = Release|Any CPU
	EndGlobalSection
	GlobalSection(SolutionProperties) = preSolution
		HideSolutionNode = FALSE
	EndGlobalSection
	GlobalSection(ExtensibilityGlobals) = postSolution
		SolutionGuid = {97D39E2F-9F7C-4510-9ABE-54D664B340C2}
	EndGlobalSection
EndGlobal
